
Microsoft Visual Studio Solution File, Format Version 12.00
# Visual Studio 14
VisualStudioVersion = 14.0.25420.1
MinimumVisualStudioVersion = 10.0.40219.1
Project("{8BC9CEB8-8B4A-11D0-8D11-00A0C91BC942}") = "001-multiples-of-3-and-5", "001-multiples-of-3-and-5\001-multiples-of-3-and-5.vcxproj", "{441DB901-701E-481A-A097-44BDD66EDCBC}"
EndProject
Project("{8BC9CEB8-8B4A-11D0-8D11-00A0C91BC942}") = "002-even-fibonacci-numbers", "002-even-fibonacci-numbers\002-even-fibonacci-numbers.vcxproj", "{FC0B49FF-4D78-4F6A-B607-97EF839F7AD0}"
EndProject
Project("{8BC9CEB8-8B4A-11D0-8D11-00A0C91BC942}") = "003-largest-prime-factor", "003-largest-prime-factor\003-largest-prime-factor.vcxproj", "{27F1A917-5DA1-4A52-88B0-04983DCDE0E6}"
EndProject
Project("{8BC9CEB8-8B4A-11D0-8D11-00A0C91BC942}") = "004-largest-palindrome-product", "004-largest-palindrome-product\004-largest-palindrome-product.vcxproj", "{6E35956E-F423-4019-A382-DB2C84A85B7C}"
EndProject
Project("{8BC9CEB8-8B4A-11D0-8D11-00A0C91BC942}") = "005-smallest-multiple", "005-smallest-multiple\005-smallest-multiple.vcxproj", "{D9B650E3-881A-44DC-8F5C-A3FE27A09D49}"
EndProject
Project("{8BC9CEB8-8B4A-11D0-8D11-00A0C91BC942}") = "006-sum-square-difference", "006-sum-square-difference\006-sum-square-difference.vcxproj", "{ED5A37E0-F684-493C-875B-7CD6D399E03F}"
EndProject
Project("{8BC9CEB8-8B4A-11D0-8D11-00A0C91BC942}") = "007-10001st-prime", "007-10001st-prime\007-10001st-prime.vcxproj", "{CF5FF84E-D9D2-4D8B-9776-9E74A5EA4BAD}"
EndProject
Project("{8BC9CEB8-8B4A-11D0-8D11-00A0C91BC942}") = "008-largest-product-in-a-series", "008-largest-product-in-a-series\008-largest-product-in-a-series.vcxproj", "{08234663-0534-4EBE-A546-00F81B12C1E0}"
EndProject
Project("{8BC9CEB8-8B4A-11D0-8D11-00A0C91BC942}") = "009-special-pythagorean-triplet", "009-special-pythagorean-triplet\009-special-pythagorean-triplet.vcxproj", "{3500800B-77D8-4803-AE4F-F19CC6A20CC0}"
EndProject
Project("{8BC9CEB8-8B4A-11D0-8D11-00A0C91BC942}") = "010-summation-of-primes", "010-summation-of-primes\010-summation-of-primes.vcxproj", "{0FCB8E2C-344B-45E4-9E9E-4A09B116EDF1}"
EndProject
Project("{8BC9CEB8-8B4A-11D0-8D11-00A0C91BC942}") = "011-largest-product-in-a-grid", "011-largest-product-in-a-grid\011-largest-product-in-a-grid.vcxproj", "{94C6113D-A60C-4DED-9169-EF4F98312DA6}"
EndProject
Project("{8BC9CEB8-8B4A-11D0-8D11-00A0C91BC942}") = "012-highly-divisible-triangular-number", "012-highly-divisible-triangular-number\012-highly-divisible-triangular-number.vcxproj", "{29944981-86E7-45A2-A6DA-6184D509D6A0}"
EndProject
Project("{8BC9CEB8-8B4A-11D0-8D11-00A0C91BC942}") = "013-large-sum", "013-large-sum\013-large-sum.vcxproj", "{35955E43-484D-4B52-810D-C4E598E032C5}"
EndProject
Global
	GlobalSection(SolutionConfigurationPlatforms) = preSolution
		Debug|x64 = Debug|x64
		Debug|x86 = Debug|x86
		Release|x64 = Release|x64
		Release|x86 = Release|x86
	EndGlobalSection
	GlobalSection(ProjectConfigurationPlatforms) = postSolution
		{441DB901-701E-481A-A097-44BDD66EDCBC}.Debug|x64.ActiveCfg = Debug|x64
		{441DB901-701E-481A-A097-44BDD66EDCBC}.Debug|x64.Build.0 = Debug|x64
		{441DB901-701E-481A-A097-44BDD66EDCBC}.Debug|x86.ActiveCfg = Debug|Win32
		{441DB901-701E-481A-A097-44BDD66EDCBC}.Debug|x86.Build.0 = Debug|Win32
		{441DB901-701E-481A-A097-44BDD66EDCBC}.Release|x64.ActiveCfg = Release|x64
		{441DB901-701E-481A-A097-44BDD66EDCBC}.Release|x64.Build.0 = Release|x64
		{441DB901-701E-481A-A097-44BDD66EDCBC}.Release|x86.ActiveCfg = Release|Win32
		{441DB901-701E-481A-A097-44BDD66EDCBC}.Release|x86.Build.0 = Release|Win32
		{FC0B49FF-4D78-4F6A-B607-97EF839F7AD0}.Debug|x64.ActiveCfg = Debug|x64
		{FC0B49FF-4D78-4F6A-B607-97EF839F7AD0}.Debug|x64.Build.0 = Debug|x64
		{FC0B49FF-4D78-4F6A-B607-97EF839F7AD0}.Debug|x86.ActiveCfg = Debug|Win32
		{FC0B49FF-4D78-4F6A-B607-97EF839F7AD0}.Debug|x86.Build.0 = Debug|Win32
		{FC0B49FF-4D78-4F6A-B607-97EF839F7AD0}.Release|x64.ActiveCfg = Release|x64
		{FC0B49FF-4D78-4F6A-B607-97EF839F7AD0}.Release|x64.Build.0 = Release|x64
		{FC0B49FF-4D78-4F6A-B607-97EF839F7AD0}.Release|x86.ActiveCfg = Release|Win32
		{FC0B49FF-4D78-4F6A-B607-97EF839F7AD0}.Release|x86.Build.0 = Release|Win32
		{27F1A917-5DA1-4A52-88B0-04983DCDE0E6}.Debug|x64.ActiveCfg = Debug|x64
		{27F1A917-5DA1-4A52-88B0-04983DCDE0E6}.Debug|x64.Build.0 = Debug|x64
		{27F1A917-5DA1-4A52-88B0-04983DCDE0E6}.Debug|x86.ActiveCfg = Debug|Win32
		{27F1A917-5DA1-4A52-88B0-04983DCDE0E6}.Debug|x86.Build.0 = Debug|Win32
		{27F1A917-5DA1-4A52-88B0-04983DCDE0E6}.Release|x64.ActiveCfg = Release|x64
		{27F1A917-5DA1-4A52-88B0-04983DCDE0E6}.Release|x64.Build.0 = Release|x64
		{27F1A917-5DA1-4A52-88B0-04983DCDE0E6}.Release|x86.ActiveCfg = Release|Win32
		{27F1A917-5DA1-4A52-88B0-04983DCDE0E6}.Release|x86.Build.0 = Release|Win32
		{6E35956E-F423-4019-A382-DB2C84A85B7C}.Debug|x64.ActiveCfg = Debug|x64
		{6E35956E-F423-4019-A382-DB2C84A85B7C}.Debug|x64.Build.0 = Debug|x64
		{6E35956E-F423-4019-A382-DB2C84A85B7C}.Debug|x86.ActiveCfg = Debug|Win32
		{6E35956E-F423-4019-A382-DB2C84A85B7C}.Debug|x86.Build.0 = Debug|Win32
		{6E35956E-F423-4019-A382-DB2C84A85B7C}.Release|x64.ActiveCfg = Release|x64
		{6E35956E-F423-4019-A382-DB2C84A85B7C}.Release|x64.Build.0 = Release|x64
		{6E35956E-F423-4019-A382-DB2C84A85B7C}.Release|x86.ActiveCfg = Release|Win32
		{6E35956E-F423-4019-A382-DB2C84A85B7C}.Release|x86.Build.0 = Release|Win32
		{D9B650E3-881A-44DC-8F5C-A3FE27A09D49}.Debug|x64.ActiveCfg = Debug|x64
		{D9B650E3-881A-44DC-8F5C-A3FE27A09D49}.Debug|x64.Build.0 = Debug|x64
		{D9B650E3-881A-44DC-8F5C-A3FE27A09D49}.Debug|x86.ActiveCfg = Debug|Win32
		{D9B650E3-881A-44DC-8F5C-A3FE27A09D49}.Debug|x86.Build.0 = Debug|Win32
		{D9B650E3-881A-44DC-8F5C-A3FE27A09D49}.Release|x64.ActiveCfg = Release|x64
		{D9B650E3-881A-44DC-8F5C-A3FE27A09D49}.Release|x64.Build.0 = Release|x64
		{D9B650E3-881A-44DC-8F5C-A3FE27A09D49}.Release|x86.ActiveCfg = Release|Win32
		{D9B650E3-881A-44DC-8F5C-A3FE27A09D49}.Release|x86.Build.0 = Release|Win32
		{ED5A37E0-F684-493C-875B-7CD6D399E03F}.Debug|x64.ActiveCfg = Debug|x64
		{ED5A37E0-F684-493C-875B-7CD6D399E03F}.Debug|x64.Build.0 = Debug|x64
		{ED5A37E0-F684-493C-875B-7CD6D399E03F}.Debug|x86.ActiveCfg = Debug|Win32
		{ED5A37E0-F684-493C-875B-7CD6D399E03F}.Debug|x86.Build.0 = Debug|Win32
		{ED5A37E0-F684-493C-875B-7CD6D399E03F}.Release|x64.ActiveCfg = Release|x64
		{ED5A37E0-F684-493C-875B-7CD6D399E03F}.Release|x64.Build.0 = Release|x64
		{ED5A37E0-F684-493C-875B-7CD6D399E03F}.Release|x86.ActiveCfg = Release|Win32
		{ED5A37E0-F684-493C-875B-7CD6D399E03F}.Release|x86.Build.0 = Release|Win32
		{CF5FF84E-D9D2-4D8B-9776-9E74A5EA4BAD}.Debug|x64.ActiveCfg = Debug|x64
		{CF5FF84E-D9D2-4D8B-9776-9E74A5EA4BAD}.Debug|x64.Build.0 = Debug|x64
		{CF5FF84E-D9D2-4D8B-9776-9E74A5EA4BAD}.Debug|x86.ActiveCfg = Debug|Win32
		{CF5FF84E-D9D2-4D8B-9776-9E74A5EA4BAD}.Debug|x86.Build.0 = Debug|Win32
		{CF5FF84E-D9D2-4D8B-9776-9E74A5EA4BAD}.Release|x64.ActiveCfg = Release|x64
		{CF5FF84E-D9D2-4D8B-9776-9E74A5EA4BAD}.Release|x64.Build.0 = Release|x64
		{CF5FF84E-D9D2-4D8B-9776-9E74A5EA4BAD}.Release|x86.ActiveCfg = Release|Win32
		{CF5FF84E-D9D2-4D8B-9776-9E74A5EA4BAD}.Release|x86.Build.0 = Release|Win32
		{08234663-0534-4EBE-A546-00F81B12C1E0}.Debug|x64.ActiveCfg = Debug|x64
		{08234663-0534-4EBE-A546-00F81B12C1E0}.Debug|x64.Build.0 = Debug|x64
		{08234663-0534-4EBE-A546-00F81B12C1E0}.Debug|x86.ActiveCfg = Debug|Win32
		{08234663-0534-4EBE-A546-00F81B12C1E0}.Debug|x86.Build.0 = Debug|Win32
		{08234663-0534-4EBE-A546-00F81B12C1E0}.Release|x64.ActiveCfg = Release|x64
		{08234663-0534-4EBE-A546-00F81B12C1E0}.Release|x64.Build.0 = Release|x64
		{08234663-0534-4EBE-A546-00F81B12C1E0}.Release|x86.ActiveCfg = Release|Win32
		{08234663-0534-4EBE-A546-00F81B12C1E0}.Release|x86.Build.0 = Release|Win32
		{3500800B-77D8-4803-AE4F-F19CC6A20CC0}.Debug|x64.ActiveCfg = Debug|x64
		{3500800B-77D8-4803-AE4F-F19CC6A20CC0}.Debug|x64.Build.0 = Debug|x64
		{3500800B-77D8-4803-AE4F-F19CC6A20CC0}.Debug|x86.ActiveCfg = Debug|Win32
		{3500800B-77D8-4803-AE4F-F19CC6A20CC0}.Debug|x86.Build.0 = Debug|Win32
		{3500800B-77D8-4803-AE4F-F19CC6A20CC0}.Release|x64.ActiveCfg = Release|x64
		{3500800B-77D8-4803-AE4F-F19CC6A20CC0}.Release|x64.Build.0 = Release|x64
		{3500800B-77D8-4803-AE4F-F19CC6A20CC0}.Release|x86.ActiveCfg = Release|Win32
		{3500800B-77D8-4803-AE4F-F19CC6A20CC0}.Release|x86.Build.0 = Release|Win32
		{0FCB8E2C-344B-45E4-9E9E-4A09B116EDF1}.Debug|x64.ActiveCfg = Debug|x64
		{0FCB8E2C-344B-45E4-9E9E-4A09B116EDF1}.Debug|x64.Build.0 = Debug|x64
		{0FCB8E2C-344B-45E4-9E9E-4A09B116EDF1}.Debug|x86.ActiveCfg = Debug|Win32
		{0FCB8E2C-344B-45E4-9E9E-4A09B116EDF1}.Debug|x86.Build.0 = Debug|Win32
		{0FCB8E2C-344B-45E4-9E9E-4A09B116EDF1}.Release|x64.ActiveCfg = Release|x64
		{0FCB8E2C-344B-45E4-9E9E-4A09B116EDF1}.Release|x64.Build.0 = Release|x64
		{0FCB8E2C-344B-45E4-9E9E-4A09B116EDF1}.Release|x86.ActiveCfg = Release|Win32
		{0FCB8E2C-344B-45E4-9E9E-4A09B116EDF1}.Release|x86.Build.0 = Release|Win32
		{94C6113D-A60C-4DED-9169-EF4F98312DA6}.Debug|x64.ActiveCfg = Debug|x64
		{94C6113D-A60C-4DED-9169-EF4F98312DA6}.Debug|x64.Build.0 = Debug|x64
		{94C6113D-A60C-4DED-9169-EF4F98312DA6}.Debug|x86.ActiveCfg = Debug|Win32
		{94C6113D-A60C-4DED-9169-EF4F98312DA6}.Debug|x86.Build.0 = Debug|Win32
		{94C6113D-A60C-4DED-9169-EF4F98312DA6}.Release|x64.ActiveCfg = Release|x64
		{94C6113D-A60C-4DED-9169-EF4F98312DA6}.Release|x64.Build.0 = Release|x64
		{94C6113D-A60C-4DED-9169-EF4F98312DA6}.Release|x86.ActiveCfg = Release|Win32
		{94C6113D-A60C-4DED-9169-EF4F98312DA6}.Release|x86.Build.0 = Release|Win32
		{29944981-86E7-45A2-A6DA-6184D509D6A0}.Debug|x64.ActiveCfg = Debug|x64
		{29944981-86E7-45A2-A6DA-6184D509D6A0}.Debug|x64.Build.0 = Debug|x64
		{29944981-86E7-45A2-A6DA-6184D509D6A0}.Debug|x86.ActiveCfg = Debug|Win32
		{29944981-86E7-45A2-A6DA-6184D509D6A0}.Debug|x86.Build.0 = Debug|Win32
		{29944981-86E7-45A2-A6DA-6184D509D6A0}.Release|x64.ActiveCfg = Release|x64
		{29944981-86E7-45A2-A6DA-6184D509D6A0}.Release|x64.Build.0 = Release|x64
		{29944981-86E7-45A2-A6DA-6184D509D6A0}.Release|x86.ActiveCfg = Release|Win32
		{29944981-86E7-45A2-A6DA-6184D509D6A0}.Release|x86.Build.0 = Release|Win32
		{35955E43-484D-4B52-810D-C4E598E032C5}.Debug|x64.ActiveCfg = Debug|x64
		{35955E43-484D-4B52-810D-C4E598E032C5}.Debug|x64.Build.0 = Debug|x64
		{35955E43-484D-4B52-810D-C4E598E032C5}.Debug|x86.ActiveCfg = Debug|Win32
		{35955E43-484D-4B52-810D-C4E598E032C5}.Debug|x86.Build.0 = Debug|Win32
		{35955E43-484D-4B52-810D-C4E598E032C5}.Release|x64.ActiveCfg = Release|x64
		{35955E43-484D-4B52-810D-C4E598E032C5}.Release|x64.Build.0 = Release|x64
		{35955E43-484D-4B52-810D-C4E598E032C5}.Release|x86.ActiveCfg = Release|Win32
		{35955E43-484D-4B52-810D-C4E598E032C5}.Release|x86.Build.0 = Release|Win32
	EndGlobalSection
	GlobalSection(SolutionProperties) = preSolution
		HideSolutionNode = FALSE
	EndGlobalSection
EndGlobal
